
Microsoft Visual Studio Solution File, Format Version 12.00
# Visual Studio Version 16
VisualStudioVersion = 16.0.29709.97
MinimumVisualStudioVersion = 10.0.40219.1
Project("{9A19103F-16F7-4668-BE54-9A1E7A4F7556}") = "eshoponline", "eshoponline\eshoponline.csproj", "{77802E4C-62E3-4CB5-8D8C-92696DF66E59}"
EndProject
Project("{FAE04EC0-301F-11D3-BF4B-00C04F79EFBC}") = "eshoponline-test", "eshoponline-test\eshoponline-test.csproj", "{C8E4F090-2037-4592-B0A1-5F0C9C7C655D}"
EndProject
Global
	GlobalSection(SolutionConfigurationPlatforms) = preSolution
		Debug|Any CPU = Debug|Any CPU
		Release|Any CPU = Release|Any CPU
	EndGlobalSection
	GlobalSection(ProjectConfigurationPlatforms) = postSolution
		{77802E4C-62E3-4CB5-8D8C-92696DF66E59}.Debug|Any CPU.ActiveCfg = Debug|Any CPU
		{77802E4C-62E3-4CB5-8D8C-92696DF66E59}.Debug|Any CPU.Build.0 = Debug|Any CPU
		{77802E4C-62E3-4CB5-8D8C-92696DF66E59}.Release|Any CPU.ActiveCfg = Release|Any CPU
		{77802E4C-62E3-4CB5-8D8C-92696DF66E59}.Release|Any CPU.Build.0 = Release|Any CPU
		{C8E4F090-2037-4592-B0A1-5F0C9C7C655D}.Debug|Any CPU.ActiveCfg = Debug|Any CPU
		{C8E4F090-2037-4592-B0A1-5F0C9C7C655D}.Debug|Any CPU.Build.0 = Debug|Any CPU
		{C8E4F090-2037-4592-B0A1-5F0C9C7C655D}.Release|Any CPU.ActiveCfg = Release|Any CPU
		{C8E4F090-2037-4592-B0A1-5F0C9C7C655D}.Release|Any CPU.Build.0 = Release|Any CPU
	EndGlobalSection
	GlobalSection(SolutionProperties) = preSolution
		HideSolutionNode = FALSE
	EndGlobalSection
	GlobalSection(ExtensibilityGlobals) = postSolution
		SolutionGuid = {C391D49C-0ED0-4D9E-B578-8C07E6E23E36}
	EndGlobalSection
EndGlobal
